
Microsoft Visual Studio Solution File, Format Version 12.00
# Visual Studio Version 17
VisualStudioVersion = 17.11.35327.3
MinimumVisualStudioVersion = 10.0.40219.1
Project("{FAE04EC0-301F-11D3-BF4B-00C04F79EFBC}") = "PagingAndSorting", "PagingAndSorting\PagingAndSorting.csproj", "{EBCA36CA-B1C7-4C78-975E-8AD4EAAC6852}"
EndProject
Global
	GlobalSection(SolutionConfigurationPlatforms) = preSolution
		Debug|Any CPU = Debug|Any CPU
		Release|Any CPU = Release|Any CPU
	EndGlobalSection
	GlobalSection(ProjectConfigurationPlatforms) = postSolution
		{EBCA36CA-B1C7-4C78-975E-8AD4EAAC6852}.Debug|Any CPU.ActiveCfg = Debug|Any CPU
		{EBCA36CA-B1C7-4C78-975E-8AD4EAAC6852}.Debug|Any CPU.Build.0 = Debug|Any CPU
		{EBCA36CA-B1C7-4C78-975E-8AD4EAAC6852}.Release|Any CPU.ActiveCfg = Release|Any CPU
		{EBCA36CA-B1C7-4C78-975E-8AD4EAAC6852}.Release|Any CPU.Build.0 = Release|Any CPU
	EndGlobalSection
	GlobalSection(SolutionProperties) = preSolution
		HideSolutionNode = FALSE
	EndGlobalSection
	GlobalSection(ExtensibilityGlobals) = postSolution
		SolutionGuid = {EB8CFF22-FB09-44E4-963F-91CF1CADDE05}
	EndGlobalSection
EndGlobal
